
Microsoft Visual Studio Solution File, Format Version 12.00
# Visual Studio Version 16
VisualStudioVersion = 16.0.30104.148
MinimumVisualStudioVersion = 10.0.40219.1
Project("{FAE04EC0-301F-11D3-BF4B-00C04F79EFBC}") = "Tdd_Prime_Number", "Tdd_Prime_Number.csproj", "{60750855-A222-4262-AE95-DA80CE0EAC31}"
EndProject
Global
	GlobalSection(SolutionConfigurationPlatforms) = preSolution
		Debug|Any CPU = Debug|Any CPU
		Release|Any CPU = Release|Any CPU
	EndGlobalSection
	GlobalSection(ProjectConfigurationPlatforms) = postSolution
		{60750855-A222-4262-AE95-DA80CE0EAC31}.Debug|Any CPU.ActiveCfg = Debug|Any CPU
		{60750855-A222-4262-AE95-DA80CE0EAC31}.Debug|Any CPU.Build.0 = Debug|Any CPU
		{60750855-A222-4262-AE95-DA80CE0EAC31}.Release|Any CPU.ActiveCfg = Release|Any CPU
		{60750855-A222-4262-AE95-DA80CE0EAC31}.Release|Any CPU.Build.0 = Release|Any CPU
	EndGlobalSection
	GlobalSection(SolutionProperties) = preSolution
		HideSolutionNode = FALSE
	EndGlobalSection
	GlobalSection(ExtensibilityGlobals) = postSolution
		SolutionGuid = {B566E05E-7428-4230-89D5-05E937E91989}
	EndGlobalSection
EndGlobal
